
Microsoft Visual Studio Solution File, Format Version 12.00
# Visual Studio Version 17
VisualStudioVersion = 17.8.34330.188
MinimumVisualStudioVersion = 10.0.40219.1
Project("{FAE04EC0-301F-11D3-BF4B-00C04F79EFBC}") = "cs10", "cs10\cs10.csproj", "{AAABA88D-2D58-401C-A897-495DAAC1872B}"
EndProject
Global
	GlobalSection(SolutionConfigurationPlatforms) = preSolution
		Debug|Any CPU = Debug|Any CPU
		Release|Any CPU = Release|Any CPU
	EndGlobalSection
	GlobalSection(ProjectConfigurationPlatforms) = postSolution
		{AAABA88D-2D58-401C-A897-495DAAC1872B}.Debug|Any CPU.ActiveCfg = Debug|Any CPU
		{AAABA88D-2D58-401C-A897-495DAAC1872B}.Debug|Any CPU.Build.0 = Debug|Any CPU
		{AAABA88D-2D58-401C-A897-495DAAC1872B}.Release|Any CPU.ActiveCfg = Release|Any CPU
		{AAABA88D-2D58-401C-A897-495DAAC1872B}.Release|Any CPU.Build.0 = Release|Any CPU
	EndGlobalSection
	GlobalSection(SolutionProperties) = preSolution
		HideSolutionNode = FALSE
	EndGlobalSection
	GlobalSection(ExtensibilityGlobals) = postSolution
		SolutionGuid = {28223E7E-EC59-4514-B4A0-E13E6D5903DC}
	EndGlobalSection
EndGlobal
